
Microsoft Visual Studio Solution File, Format Version 12.00
# Visual Studio Version 17
VisualStudioVersion = 17.5.33516.290
MinimumVisualStudioVersion = 10.0.40219.1
Project("{9A19103F-16F7-4668-BE54-9A1E7A4F7556}") = "EFCoreWebApp", "EFCoreWebApp.csproj", "{F7B24318-1203-487E-B89E-F70EF4F5CBED}"
EndProject
Project("{FAE04EC0-301F-11D3-BF4B-00C04F79EFBC}") = "BackgroundJobHost", "..\BackgroundJobHost\BackgroundJobHost.csproj", "{F6E2226D-0B3E-495D-A0DA-9F6CBE93E89F}"
EndProject
Global
	GlobalSection(SolutionConfigurationPlatforms) = preSolution
		Debug|Any CPU = Debug|Any CPU
		Release|Any CPU = Release|Any CPU
	EndGlobalSection
	GlobalSection(ProjectConfigurationPlatforms) = postSolution
		{F7B24318-1203-487E-B89E-F70EF4F5CBED}.Debug|Any CPU.ActiveCfg = Debug|Any CPU
		{F7B24318-1203-487E-B89E-F70EF4F5CBED}.Debug|Any CPU.Build.0 = Debug|Any CPU
		{F7B24318-1203-487E-B89E-F70EF4F5CBED}.Release|Any CPU.ActiveCfg = Release|Any CPU
		{F7B24318-1203-487E-B89E-F70EF4F5CBED}.Release|Any CPU.Build.0 = Release|Any CPU
		{F6E2226D-0B3E-495D-A0DA-9F6CBE93E89F}.Debug|Any CPU.ActiveCfg = Debug|Any CPU
		{F6E2226D-0B3E-495D-A0DA-9F6CBE93E89F}.Debug|Any CPU.Build.0 = Debug|Any CPU
		{F6E2226D-0B3E-495D-A0DA-9F6CBE93E89F}.Release|Any CPU.ActiveCfg = Release|Any CPU
		{F6E2226D-0B3E-495D-A0DA-9F6CBE93E89F}.Release|Any CPU.Build.0 = Release|Any CPU
	EndGlobalSection
	GlobalSection(SolutionProperties) = preSolution
		HideSolutionNode = FALSE
	EndGlobalSection
	GlobalSection(ExtensibilityGlobals) = postSolution
		SolutionGuid = {D41FEFDD-0467-4755-8A95-EB01B077DA33}
	EndGlobalSection
EndGlobal
